{
    "_meta": {
        "hash": {
            "sha256": "77f527f0f2add2a40c792b6bc1f34c9935ec51994072963a81ce56f0ceffeacd"
        },
        "pipfile-spec": 6,
        "requires": {
            "python_version": "3.8"
        },
        "sources": [
            {
                "name": "pypi",
                "url": "https://pypi.org/simple",
                "verify_ssl": true
            }
        ]
    },
    "default": {
        "glob2": {
            "hashes": [
                "sha256:85c3dbd07c8aa26d63d7aacee34fa86e9a91a3873bc30bf62ec46e531f92ab8c"
            ],
            "index": "pypi",
            "version": "==0.7"
        }
    },
    "develop": {}
}
